// !$*UTF8*$!
{
	archiveVersion = 1;
	classes = {
	};
	objectVersion = 50;
	objects = {

/* Begin PBXBuildFile section */
		22A09F9721D5C9460053FD7D /* SWRevealViewController.m in Sources */ = {isa = PBXBuildFile; fileRef = 22A09F9621D5C9460053FD7D /* SWRevealViewController.m */; };
		22A09F9821D5C9460053FD7D /* SWRevealViewController.m in Sources */ = {isa = PBXBuildFile; fileRef = 22A09F9621D5C9460053FD7D /* SWRevealViewController.m */; };
		22A09FA021D5CE6E0053FD7D /* ChannelVC.swift in Sources */ = {isa = PBXBuildFile; fileRef = 22A09F9F21D5CE6E0053FD7D /* ChannelVC.swift */; };
		22A09FA121D5CE6E0053FD7D /* ChannelVC.swift in Sources */ = {isa = PBXBuildFile; fileRef = 22A09F9F21D5CE6E0053FD7D /* ChannelVC.swift */; };
		22A09FA321D5CEA50053FD7D /* ChatVC.swift in Sources */ = {isa = PBXBuildFile; fileRef = 22A09FA221D5CEA50053FD7D /* ChatVC.swift */; };
		22A09FA421D5CEA50053FD7D /* ChatVC.swift in Sources */ = {isa = PBXBuildFile; fileRef = 22A09FA221D5CEA50053FD7D /* ChatVC.swift */; };
		22A09FA621D5D5690053FD7D /* GradientView.swift in Sources */ = {isa = PBXBuildFile; fileRef = 22A09FA521D5D5690053FD7D /* GradientView.swift */; };
		22A09FA921D6A8010053FD7D /* Constants.swift in Sources */ = {isa = PBXBuildFile; fileRef = 22A09FA821D6A8010053FD7D /* Constants.swift */; };
		22A09FAB21D70B2D0053FD7D /* LoginVC.swift in Sources */ = {isa = PBXBuildFile; fileRef = 22A09FAA21D70B2D0053FD7D /* LoginVC.swift */; };
		41E3A47AC622BA58F876FE69 /* Pods_SmackUITests.framework in Frameworks */ = {isa = PBXBuildFile; fileRef = 3603840BB39E4BE6D0B214F7 /* Pods_SmackUITests.framework */; };
		7B8B0578466497A64032EFCA /* Pods_Smack.framework in Frameworks */ = {isa = PBXBuildFile; fileRef = EBBF325D76E3985F74690B3C /* Pods_Smack.framework */; };
		D5F67AB821D1AE4700C43829 /* AppDelegate.swift in Sources */ = {isa = PBXBuildFile; fileRef = D5F67AB721D1AE4700C43829 /* AppDelegate.swift */; };
		D5F67ABD21D1AE4700C43829 /* Main.storyboard in Resources */ = {isa = PBXBuildFile; fileRef = D5F67ABB21D1AE4700C43829 /* Main.storyboard */; };
		D5F67ABF21D1AE4B00C43829 /* Assets.xcassets in Resources */ = {isa = PBXBuildFile; fileRef = D5F67ABE21D1AE4B00C43829 /* Assets.xcassets */; };
		D5F67AC221D1AE4B00C43829 /* LaunchScreen.storyboard in Resources */ = {isa = PBXBuildFile; fileRef = D5F67AC021D1AE4B00C43829 /* LaunchScreen.storyboard */; };
		D5F67ACD21D1AE4B00C43829 /* SmackUITests.swift in Sources */ = {isa = PBXBuildFile; fileRef = D5F67ACC21D1AE4B00C43829 /* SmackUITests.swift */; };
/* End PBXBuildFile section */

/* Begin PBXContainerItemProxy section */
		D5F67AC921D1AE4B00C43829 /* PBXContainerItemProxy */ = {
			isa = PBXContainerItemProxy;
			containerPortal = D5F67AAC21D1AE4700C43829 /* Project object */;
			proxyType = 1;
			remoteGlobalIDString = D5F67AB321D1AE4700C43829;
			remoteInfo = Smack;
		};
/* End PBXContainerItemProxy section */

/* Begin PBXFileReference section */
		22A09F9321D5C9450053FD7D /* Smack-Bridging-Header.h */ = {isa = PBXFileReference; lastKnownFileType = sourcecode.c.h; path = "Smack-Bridging-Header.h"; sourceTree = "<group>"; };
		22A09F9421D5C9450053FD7D /* SmackUITests-Bridging-Header.h */ = {isa = PBXFileReference; lastKnownFileType = sourcecode.c.h; path = "SmackUITests-Bridging-Header.h"; sourceTree = "<group>"; };
		22A09F9521D5C9450053FD7D /* SWRevealViewController.h */ = {isa = PBXFileReference; fileEncoding = 4; lastKnownFileType = sourcecode.c.h; path = SWRevealViewController.h; sourceTree = "<group>"; };
		22A09F9621D5C9460053FD7D /* SWRevealViewController.m */ = {isa = PBXFileReference; fileEncoding = 4; lastKnownFileType = sourcecode.c.objc; path = SWRevealViewController.m; sourceTree = "<group>"; };
		22A09F9F21D5CE6E0053FD7D /* ChannelVC.swift */ = {isa = PBXFileReference; lastKnownFileType = sourcecode.swift; path = ChannelVC.swift; sourceTree = "<group>"; };
		22A09FA221D5CEA50053FD7D /* ChatVC.swift */ = {isa = PBXFileReference; lastKnownFileType = sourcecode.swift; path = ChatVC.swift; sourceTree = "<group>"; };
		22A09FA521D5D5690053FD7D /* GradientView.swift */ = {isa = PBXFileReference; lastKnownFileType = sourcecode.swift; path = GradientView.swift; sourceTree = "<group>"; };
		22A09FA821D6A8010053FD7D /* Constants.swift */ = {isa = PBXFileReference; lastKnownFileType = sourcecode.swift; path = Constants.swift; sourceTree = "<group>"; };
		22A09FAA21D70B2D0053FD7D /* LoginVC.swift */ = {isa = PBXFileReference; lastKnownFileType = sourcecode.swift; path = LoginVC.swift; sourceTree = "<group>"; };
		3603840BB39E4BE6D0B214F7 /* Pods_SmackUITests.framework */ = {isa = PBXFileReference; explicitFileType = wrapper.framework; includeInIndex = 0; path = Pods_SmackUITests.framework; sourceTree = BUILT_PRODUCTS_DIR; };
		6262250A9D3C21F225849152 /* Pods-SmackUITests.debug.xcconfig */ = {isa = PBXFileReference; includeInIndex = 1; lastKnownFileType = text.xcconfig; name = "Pods-SmackUITests.debug.xcconfig"; path = "Pods/Target Support Files/Pods-SmackUITests/Pods-SmackUITests.debug.xcconfig"; sourceTree = "<group>"; };
		98626D80A1669E00D32964EE /* Pods-Smack.release.xcconfig */ = {isa = PBXFileReference; includeInIndex = 1; lastKnownFileType = text.xcconfig; name = "Pods-Smack.release.xcconfig"; path = "Pods/Target Support Files/Pods-Smack/Pods-Smack.release.xcconfig"; sourceTree = "<group>"; };
		B4D29E06B17D02D6D1ED1584 /* Pods-Smack.debug.xcconfig */ = {isa = PBXFileReference; includeInIndex = 1; lastKnownFileType = text.xcconfig; name = "Pods-Smack.debug.xcconfig"; path = "Pods/Target Support Files/Pods-Smack/Pods-Smack.debug.xcconfig"; sourceTree = "<group>"; };
		BDE5069C53740DF765F0CF99 /* Pods-SmackUITests.release.xcconfig */ = {isa = PBXFileReference; includeInIndex = 1; lastKnownFileType = text.xcconfig; name = "Pods-SmackUITests.release.xcconfig"; path = "Pods/Target Support Files/Pods-SmackUITests/Pods-SmackUITests.release.xcconfig"; sourceTree = "<group>"; };
		D5F67AB421D1AE4700C43829 /* Smack.app */ = {isa = PBXFileReference; explicitFileType = wrapper.application; includeInIndex = 0; path = Smack.app; sourceTree = BUILT_PRODUCTS_DIR; };
		D5F67AB721D1AE4700C43829 /* AppDelegate.swift */ = {isa = PBXFileReference; lastKnownFileType = sourcecode.swift; path = AppDelegate.swift; sourceTree = "<group>"; };
		D5F67ABC21D1AE4700C43829 /* Base */ = {isa = PBXFileReference; lastKnownFileType = file.storyboard; name = Base; path = Base.lproj/Main.storyboard; sourceTree = "<group>"; };
		D5F67ABE21D1AE4B00C43829 /* Assets.xcassets */ = {isa = PBXFileReference; lastKnownFileType = folder.assetcatalog; path = Assets.xcassets; sourceTree = "<group>"; };
		D5F67AC121D1AE4B00C43829 /* Base */ = {isa = PBXFileReference; lastKnownFileType = file.storyboard; name = Base; path = Base.lproj/LaunchScreen.storyboard; sourceTree = "<group>"; };
		D5F67AC321D1AE4B00C43829 /* Info.plist */ = {isa = PBXFileReference; lastKnownFileType = text.plist.xml; path = Info.plist; sourceTree = "<group>"; };
		D5F67AC821D1AE4B00C43829 /* SmackUITests.xctest */ = {isa = PBXFileReference; explicitFileType = wrapper.cfbundle; includeInIndex = 0; path = SmackUITests.xctest; sourceTree = BUILT_PRODUCTS_DIR; };
		D5F67ACC21D1AE4B00C43829 /* SmackUITests.swift */ = {isa = PBXFileReference; lastKnownFileType = sourcecode.swift; path = SmackUITests.swift; sourceTree = "<group>"; };
		D5F67ACE21D1AE4B00C43829 /* Info.plist */ = {isa = PBXFileReference; lastKnownFileType = text.plist.xml; path = Info.plist; sourceTree = "<group>"; };
		EBBF325D76E3985F74690B3C /* Pods_Smack.framework */ = {isa = PBXFileReference; explicitFileType = wrapper.framework; includeInIndex = 0; path = Pods_Smack.framework; sourceTree = BUILT_PRODUCTS_DIR; };
/* End PBXFileReference section */

/* Begin PBXFrameworksBuildPhase section */
		D5F67AB121D1AE4700C43829 /* Frameworks */ = {
			isa = PBXFrameworksBuildPhase;
			buildActionMask = 2147483647;
			files = (
				7B8B0578466497A64032EFCA /* Pods_Smack.framework in Frameworks */,
			);
			runOnlyForDeploymentPostprocessing = 0;
		};
		D5F67AC521D1AE4B00C43829 /* Frameworks */ = {
			isa = PBXFrameworksBuildPhase;
			buildActionMask = 2147483647;
			files = (
				41E3A47AC622BA58F876FE69 /* Pods_SmackUITests.framework in Frameworks */,
			);
			runOnlyForDeploymentPostprocessing = 0;
		};
/* End PBXFrameworksBuildPhase section */

/* Begin PBXGroup section */
		22A09F9221D5C8C50053FD7D /* Supporting Files */ = {
			isa = PBXGroup;
			children = (
				22A09F9521D5C9450053FD7D /* SWRevealViewController.h */,
				22A09F9621D5C9460053FD7D /* SWRevealViewController.m */,
				22A09F9321D5C9450053FD7D /* Smack-Bridging-Header.h */,
				22A09F9421D5C9450053FD7D /* SmackUITests-Bridging-Header.h */,
			);
			path = "Supporting Files";
			sourceTree = "<group>";
		};
		22A09F9921D5CDC00053FD7D /* Controller */ = {
			isa = PBXGroup;
			children = (
				22A09F9F21D5CE6E0053FD7D /* ChannelVC.swift */,
				22A09FA221D5CEA50053FD7D /* ChatVC.swift */,
				22A09FAA21D70B2D0053FD7D /* LoginVC.swift */,
			);
			path = Controller;
			sourceTree = "<group>";
		};
		22A09F9A21D5CDCF0053FD7D /* Model */ = {
			isa = PBXGroup;
			children = (
			);
			name = Model;
			path = "New Group";
			sourceTree = "<group>";
		};
		22A09F9B21D5CDF00053FD7D /* View */ = {
			isa = PBXGroup;
			children = (
				22A09FA521D5D5690053FD7D /* GradientView.swift */,
			);
			path = View;
			sourceTree = "<group>";
		};
		22A09FA721D6A7BE0053FD7D /* Utilities */ = {
			isa = PBXGroup;
			children = (
				22A09FA821D6A8010053FD7D /* Constants.swift */,
			);
			path = Utilities;
			sourceTree = "<group>";
		};
		D5F67AAB21D1AE4700C43829 = {
			isa = PBXGroup;
			children = (
				D5F67AB621D1AE4700C43829 /* Smack */,
				D5F67ACB21D1AE4B00C43829 /* SmackUITests */,
				D5F67AB521D1AE4700C43829 /* Products */,
				DAFF97EC6178EEBB341E70A3 /* Pods */,
				F74F9A899C650538B21F2D62 /* Frameworks */,
			);
			sourceTree = "<group>";
		};
		D5F67AB521D1AE4700C43829 /* Products */ = {
			isa = PBXGroup;
			children = (
				D5F67AB421D1AE4700C43829 /* Smack.app */,
				D5F67AC821D1AE4B00C43829 /* SmackUITests.xctest */,
			);
			name = Products;
			sourceTree = "<group>";
		};
		D5F67AB621D1AE4700C43829 /* Smack */ = {
			isa = PBXGroup;
			children = (
				22A09FA721D6A7BE0053FD7D /* Utilities */,
				22A09F9B21D5CDF00053FD7D /* View */,
				22A09F9A21D5CDCF0053FD7D /* Model */,
				22A09F9921D5CDC00053FD7D /* Controller */,
				22A09F9221D5C8C50053FD7D /* Supporting Files */,
				D5F67AB721D1AE4700C43829 /* AppDelegate.swift */,
				D5F67ABB21D1AE4700C43829 /* Main.storyboard */,
				D5F67ABE21D1AE4B00C43829 /* Assets.xcassets */,
				D5F67AC021D1AE4B00C43829 /* LaunchScreen.storyboard */,
				D5F67AC321D1AE4B00C43829 /* Info.plist */,
			);
			path = Smack;
			sourceTree = "<group>";
		};
		D5F67ACB21D1AE4B00C43829 /* SmackUITests */ = {
			isa = PBXGroup;
			children = (
				D5F67ACC21D1AE4B00C43829 /* SmackUITests.swift */,
				D5F67ACE21D1AE4B00C43829 /* Info.plist */,
			);
			path = SmackUITests;
			sourceTree = "<group>";
		};
		DAFF97EC6178EEBB341E70A3 /* Pods */ = {
			isa = PBXGroup;
			children = (
				B4D29E06B17D02D6D1ED1584 /* Pods-Smack.debug.xcconfig */,
				98626D80A1669E00D32964EE /* Pods-Smack.release.xcconfig */,
				6262250A9D3C21F225849152 /* Pods-SmackUITests.debug.xcconfig */,
				BDE5069C53740DF765F0CF99 /* Pods-SmackUITests.release.xcconfig */,
			);
			name = Pods;
			sourceTree = "<group>";
		};
		F74F9A899C650538B21F2D62 /* Frameworks */ = {
			isa = PBXGroup;
			children = (
				EBBF325D76E3985F74690B3C /* Pods_Smack.framework */,
				3603840BB39E4BE6D0B214F7 /* Pods_SmackUITests.framework */,
			);
			name = Frameworks;
			sourceTree = "<group>";
		};
/* End PBXGroup section */

/* Begin PBXNativeTarget section */
		D5F67AB321D1AE4700C43829 /* Smack */ = {
			isa = PBXNativeTarget;
			buildConfigurationList = D5F67AD121D1AE4B00C43829 /* Build configuration list for PBXNativeTarget "Smack" */;
			buildPhases = (
				E71F17D826651D2126E1E30A /* [CP] Check Pods Manifest.lock */,
				D5F67AB021D1AE4700C43829 /* Sources */,
				D5F67AB121D1AE4700C43829 /* Frameworks */,
				D5F67AB221D1AE4700C43829 /* Resources */,
				49D640D4C6A30D0B7B0D1A74 /* [CP] Embed Pods Frameworks */,
			);
			buildRules = (
			);
			dependencies = (
			);
			name = Smack;
			productName = Smack;
			productReference = D5F67AB421D1AE4700C43829 /* Smack.app */;
			productType = "com.apple.product-type.application";
		};
		D5F67AC721D1AE4B00C43829 /* SmackUITests */ = {
			isa = PBXNativeTarget;
			buildConfigurationList = D5F67AD421D1AE4B00C43829 /* Build configuration list for PBXNativeTarget "SmackUITests" */;
			buildPhases = (
				10F049665872050E6FA79B83 /* [CP] Check Pods Manifest.lock */,
				D5F67AC421D1AE4B00C43829 /* Sources */,
				D5F67AC521D1AE4B00C43829 /* Frameworks */,
				D5F67AC621D1AE4B00C43829 /* Resources */,
			);
			buildRules = (
			);
			dependencies = (
				D5F67ACA21D1AE4B00C43829 /* PBXTargetDependency */,
			);
			name = SmackUITests;
			productName = SmackUITests;
			productReference = D5F67AC821D1AE4B00C43829 /* SmackUITests.xctest */;
			productType = "com.apple.product-type.bundle.ui-testing";
		};
/* End PBXNativeTarget section */

/* Begin PBXProject section */
		D5F67AAC21D1AE4700C43829 /* Project object */ = {
			isa = PBXProject;
			attributes = {
				LastSwiftUpdateCheck = 1010;
				LastUpgradeCheck = 1010;
				ORGANIZATIONNAME = "Sergei Litovchenko";
				TargetAttributes = {
					D5F67AB321D1AE4700C43829 = {
						CreatedOnToolsVersion = 10.1;
						LastSwiftMigration = 1000;
					};
					D5F67AC721D1AE4B00C43829 = {
						CreatedOnToolsVersion = 10.1;
						LastSwiftMigration = 1000;
						TestTargetID = D5F67AB321D1AE4700C43829;
					};
				};
			};
			buildConfigurationList = D5F67AAF21D1AE4700C43829 /* Build configuration list for PBXProject "Smack" */;
			compatibilityVersion = "Xcode 9.3";
			developmentRegion = en;
			hasScannedForEncodings = 0;
			knownRegions = (
				en,
				Base,
			);
			mainGroup = D5F67AAB21D1AE4700C43829;
			productRefGroup = D5F67AB521D1AE4700C43829 /* Products */;
			projectDirPath = "";
			projectRoot = "";
			targets = (
				D5F67AB321D1AE4700C43829 /* Smack */,
				D5F67AC721D1AE4B00C43829 /* SmackUITests */,
			);
		};
/* End PBXProject section */

/* Begin PBXResourcesBuildPhase section */
		D5F67AB221D1AE4700C43829 /* Resources */ = {
			isa = PBXResourcesBuildPhase;
			buildActionMask = 2147483647;
			files = (
				D5F67AC221D1AE4B00C43829 /* LaunchScreen.storyboard in Resources */,
				D5F67ABF21D1AE4B00C43829 /* Assets.xcassets in Resources */,
				D5F67ABD21D1AE4700C43829 /* Main.storyboard in Resources */,
			);
			runOnlyForDeploymentPostprocessing = 0;
		};
		D5F67AC621D1AE4B00C43829 /* Resources */ = {
			isa = PBXResourcesBuildPhase;
			buildActionMask = 2147483647;
			files = (
			);
			runOnlyForDeploymentPostprocessing = 0;
		};
/* End PBXResourcesBuildPhase section */

/* Begin PBXShellScriptBuildPhase section */
		10F049665872050E6FA79B83 /* [CP] Check Pods Manifest.lock */ = {
			isa = PBXShellScriptBuildPhase;
			buildActionMask = 2147483647;
			files = (
			);
			inputPaths = (
				"${PODS_PODFILE_DIR_PATH}/Podfile.lock",
				"${PODS_ROOT}/Manifest.lock",
			);
			name = "[CP] Check Pods Manifest.lock";
			outputPaths = (
				"$(DERIVED_FILE_DIR)/Pods-SmackUITests-checkManifestLockResult.txt",
			);
			runOnlyForDeploymentPostprocessing = 0;
			shellPath = /bin/sh;
			shellScript = "diff \"${PODS_PODFILE_DIR_PATH}/Podfile.lock\" \"${PODS_ROOT}/Manifest.lock\" > /dev/null\nif [ $? != 0 ] ; then\n    # print error to STDERR\n    echo \"error: The sandbox is not in sync with the Podfile.lock. Run 'pod install' or update your CocoaPods installation.\" >&2\n    exit 1\nfi\n# This output is used by Xcode 'outputs' to avoid re-running this script phase.\necho \"SUCCESS\" > \"${SCRIPT_OUTPUT_FILE_0}\"\n";
			showEnvVarsInLog = 0;
		};
		49D640D4C6A30D0B7B0D1A74 /* [CP] Embed Pods Frameworks */ = {
			isa = PBXShellScriptBuildPhase;
			buildActionMask = 2147483647;
			files = (
			);
			inputPaths = (
				"${SRCROOT}/Pods/Target Support Files/Pods-Smack/Pods-Smack-frameworks.sh",
				"${BUILT_PRODUCTS_DIR}/Alamofire/Alamofire.framework",
				"${BUILT_PRODUCTS_DIR}/Socket.IO-Client-Swift/SocketIO.framework",
				"${BUILT_PRODUCTS_DIR}/Starscream/Starscream.framework",
				"${BUILT_PRODUCTS_DIR}/SwiftyJSON/SwiftyJSON.framework",
			);
			name = "[CP] Embed Pods Frameworks";
			outputPaths = (
				"${TARGET_BUILD_DIR}/${FRAMEWORKS_FOLDER_PATH}/Alamofire.framework",
				"${TARGET_BUILD_DIR}/${FRAMEWORKS_FOLDER_PATH}/SocketIO.framework",
				"${TARGET_BUILD_DIR}/${FRAMEWORKS_FOLDER_PATH}/Starscream.framework",
				"${TARGET_BUILD_DIR}/${FRAMEWORKS_FOLDER_PATH}/SwiftyJSON.framework",
			);
			runOnlyForDeploymentPostprocessing = 0;
			shellPath = /bin/sh;
			shellScript = "\"${SRCROOT}/Pods/Target Support Files/Pods-Smack/Pods-Smack-frameworks.sh\"\n";
			showEnvVarsInLog = 0;
		};
		E71F17D826651D2126E1E30A /* [CP] Check Pods Manifest.lock */ = {
			isa = PBXShellScriptBuildPhase;
			buildActionMask = 2147483647;
			files = (
			);
			inputPaths = (
				"${PODS_PODFILE_DIR_PATH}/Podfile.lock",
				"${PODS_ROOT}/Manifest.lock",
			);
			name = "[CP] Check Pods Manifest.lock";
			outputPaths = (
				"$(DERIVED_FILE_DIR)/Pods-Smack-checkManifestLockResult.txt",
			);
			runOnlyForDeploymentPostprocessing = 0;
			shellPath = /bin/sh;
			shellScript = "diff \"${PODS_PODFILE_DIR_PATH}/Podfile.lock\" \"${PODS_ROOT}/Manifest.lock\" > /dev/null\nif [ $? != 0 ] ; then\n    # print error to STDERR\n    echo \"error: The sandbox is not in sync with the Podfile.lock. Run 'pod install' or update your CocoaPods installation.\" >&2\n    exit 1\nfi\n# This output is used by Xcode 'outputs' to avoid re-running this script phase.\necho \"SUCCESS\" > \"${SCRIPT_OUTPUT_FILE_0}\"\n";
			showEnvVarsInLog = 0;
		};
/* End PBXShellScriptBuildPhase section */

/* Begin PBXSourcesBuildPhase section */
		D5F67AB021D1AE4700C43829 /* Sources */ = {
			isa = PBXSourcesBuildPhase;
			buildActionMask = 2147483647;
			files = (
				22A09FA321D5CEA50053FD7D /* ChatVC.swift in Sources */,
				22A09FA021D5CE6E0053FD7D /* ChannelVC.swift in Sources */,
				22A09FAB21D70B2D0053FD7D /* LoginVC.swift in Sources */,
				22A09FA621D5D5690053FD7D /* GradientView.swift in Sources */,
				D5F67AB821D1AE4700C43829 /* AppDelegate.swift in Sources */,
				22A09F9721D5C9460053FD7D /* SWRevealViewController.m in Sources */,
				22A09FA921D6A8010053FD7D /* Constants.swift in Sources */,
			);
			runOnlyForDeploymentPostprocessing = 0;
		};
		D5F67AC421D1AE4B00C43829 /* Sources */ = {
			isa = PBXSourcesBuildPhase;
			buildActionMask = 2147483647;
			files = (
				22A09FA421D5CEA50053FD7D /* ChatVC.swift in Sources */,
				22A09FA121D5CE6E0053FD7D /* ChannelVC.swift in Sources */,
				D5F67ACD21D1AE4B00C43829 /* SmackUITests.swift in Sources */,
				22A09F9821D5C9460053FD7D /* SWRevealViewController.m in Sources */,
			);
			runOnlyForDeploymentPostprocessing = 0;
		};
/* End PBXSourcesBuildPhase section */

/* Begin PBXTargetDependency section */
		D5F67ACA21D1AE4B00C43829 /* PBXTargetDependency */ = {
			isa = PBXTargetDependency;
			target = D5F67AB321D1AE4700C43829 /* Smack */;
			targetProxy = D5F67AC921D1AE4B00C43829 /* PBXContainerItemProxy */;
		};
/* End PBXTargetDependency section */

/* Begin PBXVariantGroup section */
		D5F67ABB21D1AE4700C43829 /* Main.storyboard */ = {
			isa = PBXVariantGroup;
			children = (
				D5F67ABC21D1AE4700C43829 /* Base */,
			);
			name = Main.storyboard;
			sourceTree = "<group>";
		};
		D5F67AC021D1AE4B00C43829 /* LaunchScreen.storyboard */ = {
			isa = PBXVariantGroup;
			children = (
				D5F67AC121D1AE4B00C43829 /* Base */,
			);
			name = LaunchScreen.storyboard;
			sourceTree = "<group>";
		};
/* End PBXVariantGroup section */

/* Begin XCBuildConfiguration section */
		D5F67ACF21D1AE4B00C43829 /* Debug */ = {
			isa = XCBuildConfiguration;
			buildSettings = {
				ALWAYS_SEARCH_USER_PATHS = NO;
				CLANG_ANALYZER_NONNULL = YES;
				CLANG_ANALYZER_NUMBER_OBJECT_CONVERSION = YES_AGGRESSIVE;
				CLANG_CXX_LANGUAGE_STANDARD = "gnu++14";
				CLANG_CXX_LIBRARY = "libc++";
				CLANG_ENABLE_MODULES = YES;
				CLANG_ENABLE_OBJC_ARC = YES;
				CLANG_ENABLE_OBJC_WEAK = YES;
				CLANG_WARN_BLOCK_CAPTURE_AUTORELEASING = YES;
				CLANG_WARN_BOOL_CONVERSION = YES;
				CLANG_WARN_COMMA = YES;
				CLANG_WARN_CONSTANT_CONVERSION = YES;
				CLANG_WARN_DEPRECATED_OBJC_IMPLEMENTATIONS = YES;
				CLANG_WARN_DIRECT_OBJC_ISA_USAGE = YES_ERROR;
				CLANG_WARN_DOCUMENTATION_COMMENTS = YES;
				CLANG_WARN_EMPTY_BODY = YES;
				CLANG_WARN_ENUM_CONVERSION = YES;
				CLANG_WARN_INFINITE_RECURSION = YES;
				CLANG_WARN_INT_CONVERSION = YES;
				CLANG_WARN_NON_LITERAL_NULL_CONVERSION = YES;
				CLANG_WARN_OBJC_IMPLICIT_RETAIN_SELF = YES;
				CLANG_WARN_OBJC_LITERAL_CONVERSION = YES;
				CLANG_WARN_OBJC_ROOT_CLASS = YES_ERROR;
				CLANG_WARN_RANGE_LOOP_ANALYSIS = YES;
				CLANG_WARN_STRICT_PROTOTYPES = YES;
				CLANG_WARN_SUSPICIOUS_MOVE = YES;
				CLANG_WARN_UNGUARDED_AVAILABILITY = YES_AGGRESSIVE;
				CLANG_WARN_UNREACHABLE_CODE = YES;
				CLANG_WARN__DUPLICATE_METHOD_MATCH = YES;
				CODE_SIGN_IDENTITY = "iPhone Developer";
				COPY_PHASE_STRIP = NO;
				DEBUG_INFORMATION_FORMAT = dwarf;
				ENABLE_STRICT_OBJC_MSGSEND = YES;
				ENABLE_TESTABILITY = YES;
				GCC_C_LANGUAGE_STANDARD = gnu11;
				GCC_DYNAMIC_NO_PIC = NO;
				GCC_NO_COMMON_BLOCKS = YES;
				GCC_OPTIMIZATION_LEVEL = 0;
				GCC_PREPROCESSOR_DEFINITIONS = (
					"DEBUG=1",
					"$(inherited)",
				);
				GCC_WARN_64_TO_32_BIT_CONVERSION = YES;
				GCC_WARN_ABOUT_RETURN_TYPE = YES_ERROR;
				GCC_WARN_UNDECLARED_SELECTOR = YES;
				GCC_WARN_UNINITIALIZED_AUTOS = YES_AGGRESSIVE;
				GCC_WARN_UNUSED_FUNCTION = YES;
				GCC_WARN_UNUSED_VARIABLE = YES;
				IPHONEOS_DEPLOYMENT_TARGET = 11.0;
				MTL_ENABLE_DEBUG_INFO = INCLUDE_SOURCE;
				MTL_FAST_MATH = YES;
				ONLY_ACTIVE_ARCH = YES;
				SDKROOT = iphoneos;
				SWIFT_ACTIVE_COMPILATION_CONDITIONS = DEBUG;
				SWIFT_OPTIMIZATION_LEVEL = "-Onone";
			};
			name = Debug;
		};
		D5F67AD021D1AE4B00C43829 /* Release */ = {
			isa = XCBuildConfiguration;
			buildSettings = {
				ALWAYS_SEARCH_USER_PATHS = NO;
				CLANG_ANALYZER_NONNULL = YES;
				CLANG_ANALYZER_NUMBER_OBJECT_CONVERSION = YES_AGGRESSIVE;
				CLANG_CXX_LANGUAGE_STANDARD = "gnu++14";
				CLANG_CXX_LIBRARY = "libc++";
				CLANG_ENABLE_MODULES = YES;
				CLANG_ENABLE_OBJC_ARC = YES;
				CLANG_ENABLE_OBJC_WEAK = YES;
				CLANG_WARN_BLOCK_CAPTURE_AUTORELEASING = YES;
				CLANG_WARN_BOOL_CONVERSION = YES;
				CLANG_WARN_COMMA = YES;
				CLANG_WARN_CONSTANT_CONVERSION = YES;
				CLANG_WARN_DEPRECATED_OBJC_IMPLEMENTATIONS = YES;
				CLANG_WARN_DIRECT_OBJC_ISA_USAGE = YES_ERROR;
				CLANG_WARN_DOCUMENTATION_COMMENTS = YES;
				CLANG_WARN_EMPTY_BODY = YES;
				CLANG_WARN_ENUM_CONVERSION = YES;
				CLANG_WARN_INFINITE_RECURSION = YES;
				CLANG_WARN_INT_CONVERSION = YES;
				CLANG_WARN_NON_LITERAL_NULL_CONVERSION = YES;
				CLANG_WARN_OBJC_IMPLICIT_RETAIN_SELF = YES;
				CLANG_WARN_OBJC_LITERAL_CONVERSION = YES;
				CLANG_WARN_OBJC_ROOT_CLASS = YES_ERROR;
				CLANG_WARN_RANGE_LOOP_ANALYSIS = YES;
				CLANG_WARN_STRICT_PROTOTYPES = YES;
				CLANG_WARN_SUSPICIOUS_MOVE = YES;
				CLANG_WARN_UNGUARDED_AVAILABILITY = YES_AGGRESSIVE;
				CLANG_WARN_UNREACHABLE_CODE = YES;
				CLANG_WARN__DUPLICATE_METHOD_MATCH = YES;
				CODE_SIGN_IDENTITY = "iPhone Developer";
				COPY_PHASE_STRIP = NO;
				DEBUG_INFORMATION_FORMAT = "dwarf-with-dsym";
				ENABLE_NS_ASSERTIONS = NO;
				ENABLE_STRICT_OBJC_MSGSEND = YES;
				GCC_C_LANGUAGE_STANDARD = gnu11;
				GCC_NO_COMMON_BLOCKS = YES;
				GCC_WARN_64_TO_32_BIT_CONVERSION = YES;
				GCC_WARN_ABOUT_RETURN_TYPE = YES_ERROR;
				GCC_WARN_UNDECLARED_SELECTOR = YES;
				GCC_WARN_UNINITIALIZED_AUTOS = YES_AGGRESSIVE;
				GCC_WARN_UNUSED_FUNCTION = YES;
				GCC_WARN_UNUSED_VARIABLE = YES;
				IPHONEOS_DEPLOYMENT_TARGET = 11.0;
				MTL_ENABLE_DEBUG_INFO = NO;
				MTL_FAST_MATH = YES;
				SDKROOT = iphoneos;
				SWIFT_COMPILATION_MODE = wholemodule;
				SWIFT_OPTIMIZATION_LEVEL = "-O";
				VALIDATE_PRODUCT = YES;
			};
			name = Release;
		};
		D5F67AD221D1AE4B00C43829 /* Debug */ = {
			isa = XCBuildConfiguration;
			baseConfigurationReference = B4D29E06B17D02D6D1ED1584 /* Pods-Smack.debug.xcconfig */;
			buildSettings = {
				ASSETCATALOG_COMPILER_APPICON_NAME = AppIcon;
				CLANG_ENABLE_MODULES = YES;
				CODE_SIGN_STYLE = Automatic;
				INFOPLIST_FILE = Smack/Info.plist;
				LD_RUNPATH_SEARCH_PATHS = (
					"$(inherited)",
					"@executable_path/Frameworks",
				);
				PRODUCT_BUNDLE_IDENTIFIER = com.serglit.Smack;
				PRODUCT_NAME = "$(TARGET_NAME)";
				SWIFT_OBJC_BRIDGING_HEADER = "Smack/Supporting Files/Smack-Bridging-Header.h";
				SWIFT_OPTIMIZATION_LEVEL = "-Onone";
				SWIFT_VERSION = 4.0;
				TARGETED_DEVICE_FAMILY = "1,2";
			};
			name = Debug;
		};
		D5F67AD321D1AE4B00C43829 /* Release */ = {
			isa = XCBuildConfiguration;
			baseConfigurationReference = 98626D80A1669E00D32964EE /* Pods-Smack.release.xcconfig */;
			buildSettings = {
				ASSETCATALOG_COMPILER_APPICON_NAME = AppIcon;
				CLANG_ENABLE_MODULES = YES;
				CODE_SIGN_STYLE = Automatic;
				INFOPLIST_FILE = Smack/Info.plist;
				LD_RUNPATH_SEARCH_PATHS = (
					"$(inherited)",
					"@executable_path/Frameworks",
				);
				PRODUCT_BUNDLE_IDENTIFIER = com.serglit.Smack;
				PRODUCT_NAME = "$(TARGET_NAME)";
				SWIFT_OBJC_BRIDGING_HEADER = "Smack/Supporting Files/Smack-Bridging-Header.h";
				SWIFT_VERSION = 4.0;
				TARGETED_DEVICE_FAMILY = "1,2";
			};
			name = Release;
		};
		D5F67AD521D1AE4B00C43829 /* Debug */ = {
			isa = XCBuildConfiguration;
			baseConfigurationReference = 6262250A9D3C21F225849152 /* Pods-SmackUITests.debug.xcconfig */;
			buildSettings = {
				ALWAYS_EMBED_SWIFT_STANDARD_LIBRARIES = YES;
				CLANG_ENABLE_MODULES = YES;
				CODE_SIGN_STYLE = Automatic;
				INFOPLIST_FILE = SmackUITests/Info.plist;
				IPHONEOS_DEPLOYMENT_TARGET = 11.0;
				LD_RUNPATH_SEARCH_PATHS = (
					"$(inherited)",
					"@executable_path/Frameworks",
					"@loader_path/Frameworks",
				);
				PRODUCT_BUNDLE_IDENTIFIER = com.serglit.SmackUITests;
				PRODUCT_NAME = "$(TARGET_NAME)";
				SWIFT_OBJC_BRIDGING_HEADER = "Smack/Supporting Files/SmackUITests-Bridging-Header.h";
				SWIFT_OPTIMIZATION_LEVEL = "-Onone";
				SWIFT_VERSION = 4.0;
				TARGETED_DEVICE_FAMILY = "1,2";
				TEST_TARGET_NAME = Smack;
			};
			name = Debug;
		};
		D5F67AD621D1AE4B00C43829 /* Release */ = {
			isa = XCBuildConfiguration;
			baseConfigurationReference = BDE5069C53740DF765F0CF99 /* Pods-SmackUITests.release.xcconfig */;
			buildSettings = {
				ALWAYS_EMBED_SWIFT_STANDARD_LIBRARIES = YES;
				CLANG_ENABLE_MODULES = YES;
				CODE_SIGN_STYLE = Automatic;
				INFOPLIST_FILE = SmackUITests/Info.plist;
				IPHONEOS_DEPLOYMENT_TARGET = 11.0;
				LD_RUNPATH_SEARCH_PATHS = (
					"$(inherited)",
					"@executable_path/Frameworks",
					"@loader_path/Frameworks",
				);
				PRODUCT_BUNDLE_IDENTIFIER = com.serglit.SmackUITests;
				PRODUCT_NAME = "$(TARGET_NAME)";
				SWIFT_OBJC_BRIDGING_HEADER = "Smack/Supporting Files/SmackUITests-Bridging-Header.h";
				SWIFT_VERSION = 4.0;
				TARGETED_DEVICE_FAMILY = "1,2";
				TEST_TARGET_NAME = Smack;
			};
			name = Release;
		};
/* End XCBuildConfiguration section */

/* Begin XCConfigurationList section */
		D5F67AAF21D1AE4700C43829 /* Build configuration list for PBXProject "Smack" */ = {
			isa = XCConfigurationList;
			buildConfigurations = (
				D5F67ACF21D1AE4B00C43829 /* Debug */,
				D5F67AD021D1AE4B00C43829 /* Release */,
			);
			defaultConfigurationIsVisible = 0;
			defaultConfigurationName = Release;
		};
		D5F67AD121D1AE4B00C43829 /* Build configuration list for PBXNativeTarget "Smack" */ = {
			isa = XCConfigurationList;
			buildConfigurations = (
				D5F67AD221D1AE4B00C43829 /* Debug */,
				D5F67AD321D1AE4B00C43829 /* Release */,
			);
			defaultConfigurationIsVisible = 0;
			defaultConfigurationName = Release;
		};
		D5F67AD421D1AE4B00C43829 /* Build configuration list for PBXNativeTarget "SmackUITests" */ = {
			isa = XCConfigurationList;
			buildConfigurations = (
				D5F67AD521D1AE4B00C43829 /* Debug */,
				D5F67AD621D1AE4B00C43829 /* Release */,
			);
			defaultConfigurationIsVisible = 0;
			defaultConfigurationName = Release;
		};
/* End XCConfigurationList section */
	};
	rootObject = D5F67AAC21D1AE4700C43829 /* Project object */;
}
